
Microsoft Visual Studio Solution File, Format Version 12.00
# Visual Studio Version 17
VisualStudioVersion = 17.2.32526.322
MinimumVisualStudioVersion = 10.0.40219.1
Project("{FAE04EC0-301F-11D3-BF4B-00C04F79EFBC}") = "Vimal", "Vimal\Vimal.csproj", "{078CF16F-8DD2-4B98-A8FB-3282BAFF4248}"
EndProject
Project("{9A19103F-16F7-4668-BE54-9A1E7A4F7556}") = "Vimal.Core", "Vimal.Core\Vimal.Core.csproj", "{8AADB805-1410-445F-9A10-2FCB3B5957B0}"
EndProject
Global
	GlobalSection(SolutionConfigurationPlatforms) = preSolution
		Debug|Any CPU = Debug|Any CPU
		Debug|ARM = Debug|ARM
		Debug|ARM64 = Debug|ARM64
		Debug|x64 = Debug|x64
		Debug|x86 = Debug|x86
		Release|Any CPU = Release|Any CPU
		Release|ARM = Release|ARM
		Release|ARM64 = Release|ARM64
		Release|x64 = Release|x64
		Release|x86 = Release|x86
	EndGlobalSection
	GlobalSection(ProjectConfigurationPlatforms) = postSolution
		{078CF16F-8DD2-4B98-A8FB-3282BAFF4248}.Debug|Any CPU.ActiveCfg = Debug|x64
		{078CF16F-8DD2-4B98-A8FB-3282BAFF4248}.Debug|Any CPU.Build.0 = Debug|x64
		{078CF16F-8DD2-4B98-A8FB-3282BAFF4248}.Debug|Any CPU.Deploy.0 = Debug|x64
		{078CF16F-8DD2-4B98-A8FB-3282BAFF4248}.Debug|ARM.ActiveCfg = Debug|ARM
		{078CF16F-8DD2-4B98-A8FB-3282BAFF4248}.Debug|ARM.Build.0 = Debug|ARM
		{078CF16F-8DD2-4B98-A8FB-3282BAFF4248}.Debug|ARM.Deploy.0 = Debug|ARM
		{078CF16F-8DD2-4B98-A8FB-3282BAFF4248}.Debug|ARM64.ActiveCfg = Debug|ARM64
		{078CF16F-8DD2-4B98-A8FB-3282BAFF4248}.Debug|ARM64.Build.0 = Debug|ARM64
		{078CF16F-8DD2-4B98-A8FB-3282BAFF4248}.Debug|ARM64.Deploy.0 = Debug|ARM64
		{078CF16F-8DD2-4B98-A8FB-3282BAFF4248}.Debug|x64.ActiveCfg = Debug|x64
		{078CF16F-8DD2-4B98-A8FB-3282BAFF4248}.Debug|x64.Build.0 = Debug|x64
		{078CF16F-8DD2-4B98-A8FB-3282BAFF4248}.Debug|x64.Deploy.0 = Debug|x64
		{078CF16F-8DD2-4B98-A8FB-3282BAFF4248}.Debug|x86.ActiveCfg = Debug|x86
		{078CF16F-8DD2-4B98-A8FB-3282BAFF4248}.Debug|x86.Build.0 = Debug|x86
		{078CF16F-8DD2-4B98-A8FB-3282BAFF4248}.Debug|x86.Deploy.0 = Debug|x86
		{078CF16F-8DD2-4B98-A8FB-3282BAFF4248}.Release|Any CPU.ActiveCfg = Release|x64
		{078CF16F-8DD2-4B98-A8FB-3282BAFF4248}.Release|Any CPU.Build.0 = Release|x64
		{078CF16F-8DD2-4B98-A8FB-3282BAFF4248}.Release|Any CPU.Deploy.0 = Release|x64
		{078CF16F-8DD2-4B98-A8FB-3282BAFF4248}.Release|ARM.ActiveCfg = Release|ARM
		{078CF16F-8DD2-4B98-A8FB-3282BAFF4248}.Release|ARM.Build.0 = Release|ARM
		{078CF16F-8DD2-4B98-A8FB-3282BAFF4248}.Release|ARM.Deploy.0 = Release|ARM
		{078CF16F-8DD2-4B98-A8FB-3282BAFF4248}.Release|ARM64.ActiveCfg = Release|ARM64
		{078CF16F-8DD2-4B98-A8FB-3282BAFF4248}.Release|ARM64.Build.0 = Release|ARM64
		{078CF16F-8DD2-4B98-A8FB-3282BAFF4248}.Release|ARM64.Deploy.0 = Release|ARM64
		{078CF16F-8DD2-4B98-A8FB-3282BAFF4248}.Release|x64.ActiveCfg = Release|x64
		{078CF16F-8DD2-4B98-A8FB-3282BAFF4248}.Release|x64.Build.0 = Release|x64
		{078CF16F-8DD2-4B98-A8FB-3282BAFF4248}.Release|x64.Deploy.0 = Release|x64
		{078CF16F-8DD2-4B98-A8FB-3282BAFF4248}.Release|x86.ActiveCfg = Release|x86
		{078CF16F-8DD2-4B98-A8FB-3282BAFF4248}.Release|x86.Build.0 = Release|x86
		{078CF16F-8DD2-4B98-A8FB-3282BAFF4248}.Release|x86.Deploy.0 = Release|x86
		{8AADB805-1410-445F-9A10-2FCB3B5957B0}.Debug|Any CPU.ActiveCfg = Debug|Any CPU
		{8AADB805-1410-445F-9A10-2FCB3B5957B0}.Debug|Any CPU.Build.0 = Debug|Any CPU
		{8AADB805-1410-445F-9A10-2FCB3B5957B0}.Debug|ARM.ActiveCfg = Debug|Any CPU
		{8AADB805-1410-445F-9A10-2FCB3B5957B0}.Debug|ARM.Build.0 = Debug|Any CPU
		{8AADB805-1410-445F-9A10-2FCB3B5957B0}.Debug|ARM64.ActiveCfg = Debug|Any CPU
		{8AADB805-1410-445F-9A10-2FCB3B5957B0}.Debug|ARM64.Build.0 = Debug|Any CPU
		{8AADB805-1410-445F-9A10-2FCB3B5957B0}.Debug|x64.ActiveCfg = Debug|Any CPU
		{8AADB805-1410-445F-9A10-2FCB3B5957B0}.Debug|x64.Build.0 = Debug|Any CPU
		{8AADB805-1410-445F-9A10-2FCB3B5957B0}.Debug|x86.ActiveCfg = Debug|Any CPU
		{8AADB805-1410-445F-9A10-2FCB3B5957B0}.Debug|x86.Build.0 = Debug|Any CPU
		{8AADB805-1410-445F-9A10-2FCB3B5957B0}.Release|Any CPU.ActiveCfg = Release|Any CPU
		{8AADB805-1410-445F-9A10-2FCB3B5957B0}.Release|Any CPU.Build.0 = Release|Any CPU
		{8AADB805-1410-445F-9A10-2FCB3B5957B0}.Release|ARM.ActiveCfg = Release|Any CPU
		{8AADB805-1410-445F-9A10-2FCB3B5957B0}.Release|ARM.Build.0 = Release|Any CPU
		{8AADB805-1410-445F-9A10-2FCB3B5957B0}.Release|ARM64.ActiveCfg = Release|Any CPU
		{8AADB805-1410-445F-9A10-2FCB3B5957B0}.Release|ARM64.Build.0 = Release|Any CPU
		{8AADB805-1410-445F-9A10-2FCB3B5957B0}.Release|x64.ActiveCfg = Release|Any CPU
		{8AADB805-1410-445F-9A10-2FCB3B5957B0}.Release|x64.Build.0 = Release|Any CPU
		{8AADB805-1410-445F-9A10-2FCB3B5957B0}.Release|x86.ActiveCfg = Release|Any CPU
		{8AADB805-1410-445F-9A10-2FCB3B5957B0}.Release|x86.Build.0 = Release|Any CPU
	EndGlobalSection
	GlobalSection(SolutionProperties) = preSolution
		HideSolutionNode = FALSE
	EndGlobalSection
	GlobalSection(ExtensibilityGlobals) = postSolution
		SolutionGuid = {39A7A967-9D4A-42BA-9F62-DC816DD68240}
	EndGlobalSection
EndGlobal
